
Microsoft Visual Studio Solution File, Format Version 12.00
# Visual Studio 15
VisualStudioVersion = 15.0.26430.6
MinimumVisualStudioVersion = 10.0.40219.1
Project("{2150E333-8FDC-42A3-9474-1A3956D46DE8}") = "src", "src", "{E426EAD0-F378-4A3D-9BCD-E42CED54EEC7}"
EndProject
Project("{2150E333-8FDC-42A3-9474-1A3956D46DE8}") = "misc", "misc", "{3CC711D4-F114-4399-A440-711E40600B3B}"
	ProjectSection(SolutionItems) = preProject
		Directory.build.project.props = Directory.build.project.props
		Directory.build.props = Directory.build.props
		Directory.build.shared.explicit.props = Directory.build.shared.explicit.props
		Directory.build.shared.implicit.props = Directory.build.shared.implicit.props
		Directory.build.shared.mat.props = Directory.build.shared.mat.props
		Directory.build.targets = Directory.build.targets
		GlobalSuppressions.cs = GlobalSuppressions.cs
		nuget.config = nuget.config
		Orc.SystemInfo.sln.DotSettings = Orc.SystemInfo.sln.DotSettings
		SolutionAssemblyInfo.cs = SolutionAssemblyInfo.cs
	EndProjectSection
EndProject
Project("{2150E333-8FDC-42A3-9474-1A3956D46DE8}") = "Core", "Core", "{E58A59BA-FFA8-4D75-A2B9-F6FEFD848E94}"
EndProject
Project("{2150E333-8FDC-42A3-9474-1A3956D46DE8}") = "Test", "Test", "{EFD371A0-BDCD-42EA-9874-0E01FC3D456B}"
EndProject
Project("{2150E333-8FDC-42A3-9474-1A3956D46DE8}") = "Example", "Example", "{AA1FD81A-33B7-4561-AE49-E375A73C2037}"
EndProject
Project("{9A19103F-16F7-4668-BE54-9A1E7A4F7556}") = "Orc.SystemInfo", "Orc.SystemInfo\Orc.SystemInfo.csproj", "{E80D4CAE-2E3A-42F8-9A39-5E883C7509DA}"
EndProject
Project("{D954291E-2A0B-460D-934E-DC6B0785DB48}") = "Orc.SystemInfo.Example.Shared", "Orc.SystemInfo.Example.Shared\Orc.SystemInfo.Example.Shared.shproj", "{CC0A33E1-6BEF-4E55-9A16-68A212B5D191}"
EndProject
Project("{9A19103F-16F7-4668-BE54-9A1E7A4F7556}") = "Orc.SystemInfo.Example.NET", "Orc.SystemInfo.Example.NET\Orc.SystemInfo.Example.NET.csproj", "{D0815A07-7F10-462C-83B7-D5A5E7D67CAB}"
EndProject
Project("{9A19103F-16F7-4668-BE54-9A1E7A4F7556}") = "Orc.SystemInfo.Tests", "Orc.SystemInfo.Tests\Orc.SystemInfo.Tests.csproj", "{FE2A7C56-2CA4-4A06-B6CC-30D80C6EDC39}"
EndProject
Global
	GlobalSection(SharedMSBuildProjectFiles) = preSolution
		Orc.SystemInfo.Example.Shared\Orc.SystemInfo.Example.Shared.projitems*{cc0a33e1-6bef-4e55-9a16-68a212b5d191}*SharedItemsImports = 13
	EndGlobalSection
	GlobalSection(SolutionConfigurationPlatforms) = preSolution
		Debug|Any CPU = Debug|Any CPU
		Release|Any CPU = Release|Any CPU
	EndGlobalSection
	GlobalSection(ProjectConfigurationPlatforms) = postSolution
		{E80D4CAE-2E3A-42F8-9A39-5E883C7509DA}.Debug|Any CPU.ActiveCfg = Debug|Any CPU
		{E80D4CAE-2E3A-42F8-9A39-5E883C7509DA}.Debug|Any CPU.Build.0 = Debug|Any CPU
		{E80D4CAE-2E3A-42F8-9A39-5E883C7509DA}.Release|Any CPU.ActiveCfg = Release|Any CPU
		{E80D4CAE-2E3A-42F8-9A39-5E883C7509DA}.Release|Any CPU.Build.0 = Release|Any CPU
		{D0815A07-7F10-462C-83B7-D5A5E7D67CAB}.Debug|Any CPU.ActiveCfg = Debug|Any CPU
		{D0815A07-7F10-462C-83B7-D5A5E7D67CAB}.Debug|Any CPU.Build.0 = Debug|Any CPU
		{D0815A07-7F10-462C-83B7-D5A5E7D67CAB}.Release|Any CPU.ActiveCfg = Release|Any CPU
		{D0815A07-7F10-462C-83B7-D5A5E7D67CAB}.Release|Any CPU.Build.0 = Release|Any CPU
		{FE2A7C56-2CA4-4A06-B6CC-30D80C6EDC39}.Debug|Any CPU.ActiveCfg = Debug|Any CPU
		{FE2A7C56-2CA4-4A06-B6CC-30D80C6EDC39}.Debug|Any CPU.Build.0 = Debug|Any CPU
		{FE2A7C56-2CA4-4A06-B6CC-30D80C6EDC39}.Release|Any CPU.ActiveCfg = Release|Any CPU
		{FE2A7C56-2CA4-4A06-B6CC-30D80C6EDC39}.Release|Any CPU.Build.0 = Release|Any CPU
	EndGlobalSection
	GlobalSection(SolutionProperties) = preSolution
		HideSolutionNode = FALSE
	EndGlobalSection
	GlobalSection(NestedProjects) = preSolution
		{E58A59BA-FFA8-4D75-A2B9-F6FEFD848E94} = {E426EAD0-F378-4A3D-9BCD-E42CED54EEC7}
		{EFD371A0-BDCD-42EA-9874-0E01FC3D456B} = {E426EAD0-F378-4A3D-9BCD-E42CED54EEC7}
		{AA1FD81A-33B7-4561-AE49-E375A73C2037} = {E426EAD0-F378-4A3D-9BCD-E42CED54EEC7}
		{E80D4CAE-2E3A-42F8-9A39-5E883C7509DA} = {E58A59BA-FFA8-4D75-A2B9-F6FEFD848E94}
		{CC0A33E1-6BEF-4E55-9A16-68A212B5D191} = {AA1FD81A-33B7-4561-AE49-E375A73C2037}
		{D0815A07-7F10-462C-83B7-D5A5E7D67CAB} = {AA1FD81A-33B7-4561-AE49-E375A73C2037}
		{FE2A7C56-2CA4-4A06-B6CC-30D80C6EDC39} = {EFD371A0-BDCD-42EA-9874-0E01FC3D456B}
	EndGlobalSection
	GlobalSection(ExtensibilityGlobals) = postSolution
		SolutionGuid = {7BDA741C-5A84-4C04-A9E1-5821E612A309}
	EndGlobalSection
EndGlobal
