
Microsoft Visual Studio Solution File, Format Version 12.00
# Visual Studio 2013
VisualStudioVersion = 12.0.31101.0
MinimumVisualStudioVersion = 10.0.40219.1
Project("{FAE04EC0-301F-11D3-BF4B-00C04F79EFBC}") = "Orc.SystemInfo", "Orc.SystemInfo\Orc.SystemInfo.csproj", "{31CE78CE-896E-43B5-AE7E-A6A4B9944AA4}"
EndProject
Project("{2150E333-8FDC-42A3-9474-1A3956D46DE8}") = "src", "src", "{E426EAD0-F378-4A3D-9BCD-E42CED54EEC7}"
EndProject
Project("{2150E333-8FDC-42A3-9474-1A3956D46DE8}") = "misc", "misc", "{3CC711D4-F114-4399-A440-711E40600B3B}"
	ProjectSection(SolutionItems) = preProject
		nuget.config = nuget.config
		Orc.SystemInfo.sln.DotSettings = Orc.SystemInfo.sln.DotSettings
		SolutionAssemblyInfo.cs = SolutionAssemblyInfo.cs
	EndProjectSection
EndProject
Project("{2150E333-8FDC-42A3-9474-1A3956D46DE8}") = "lib", "lib", "{199C8479-5A41-4318-8129-FB56773099B9}"
	ProjectSection(SolutionItems) = preProject
		..\lib\repositories.config = ..\lib\repositories.config
	EndProjectSection
EndProject
Project("{FAE04EC0-301F-11D3-BF4B-00C04F79EFBC}") = "Orc.SystemInfo.Tests", "Orc.SystemInfo.Tests\Orc.SystemInfo.Tests.csproj", "{A226D12E-9802-4364-B4F3-2CAAAE059DD4}"
EndProject
Project("{2150E333-8FDC-42A3-9474-1A3956D46DE8}") = "Core", "Core", "{E58A59BA-FFA8-4D75-A2B9-F6FEFD848E94}"
EndProject
Project("{2150E333-8FDC-42A3-9474-1A3956D46DE8}") = "Test", "Test", "{EFD371A0-BDCD-42EA-9874-0E01FC3D456B}"
EndProject
Project("{2150E333-8FDC-42A3-9474-1A3956D46DE8}") = "Example", "Example", "{AA1FD81A-33B7-4561-AE49-E375A73C2037}"
EndProject
Project("{FAE04EC0-301F-11D3-BF4B-00C04F79EFBC}") = "Orc.SystemInfo.Example", "Orc.SystemInfo.Example\Orc.SystemInfo.Example.csproj", "{2832C49C-CA0C-46DF-9EED-EDD53BC48541}"
EndProject
Global
	GlobalSection(SolutionConfigurationPlatforms) = preSolution
		Debug|Any CPU = Debug|Any CPU
		Release|Any CPU = Release|Any CPU
	EndGlobalSection
	GlobalSection(ProjectConfigurationPlatforms) = postSolution
		{31CE78CE-896E-43B5-AE7E-A6A4B9944AA4}.Debug|Any CPU.ActiveCfg = Debug|Any CPU
		{31CE78CE-896E-43B5-AE7E-A6A4B9944AA4}.Debug|Any CPU.Build.0 = Debug|Any CPU
		{31CE78CE-896E-43B5-AE7E-A6A4B9944AA4}.Release|Any CPU.ActiveCfg = Release|Any CPU
		{31CE78CE-896E-43B5-AE7E-A6A4B9944AA4}.Release|Any CPU.Build.0 = Release|Any CPU
		{A226D12E-9802-4364-B4F3-2CAAAE059DD4}.Debug|Any CPU.ActiveCfg = Debug|Any CPU
		{A226D12E-9802-4364-B4F3-2CAAAE059DD4}.Debug|Any CPU.Build.0 = Debug|Any CPU
		{A226D12E-9802-4364-B4F3-2CAAAE059DD4}.Release|Any CPU.ActiveCfg = Release|Any CPU
		{A226D12E-9802-4364-B4F3-2CAAAE059DD4}.Release|Any CPU.Build.0 = Release|Any CPU
		{2832C49C-CA0C-46DF-9EED-EDD53BC48541}.Debug|Any CPU.ActiveCfg = Debug|Any CPU
		{2832C49C-CA0C-46DF-9EED-EDD53BC48541}.Debug|Any CPU.Build.0 = Debug|Any CPU
		{2832C49C-CA0C-46DF-9EED-EDD53BC48541}.Release|Any CPU.ActiveCfg = Release|Any CPU
		{2832C49C-CA0C-46DF-9EED-EDD53BC48541}.Release|Any CPU.Build.0 = Release|Any CPU
	EndGlobalSection
	GlobalSection(SolutionProperties) = preSolution
		HideSolutionNode = FALSE
	EndGlobalSection
	GlobalSection(NestedProjects) = preSolution
		{31CE78CE-896E-43B5-AE7E-A6A4B9944AA4} = {E58A59BA-FFA8-4D75-A2B9-F6FEFD848E94}
		{A226D12E-9802-4364-B4F3-2CAAAE059DD4} = {EFD371A0-BDCD-42EA-9874-0E01FC3D456B}
		{E58A59BA-FFA8-4D75-A2B9-F6FEFD848E94} = {E426EAD0-F378-4A3D-9BCD-E42CED54EEC7}
		{EFD371A0-BDCD-42EA-9874-0E01FC3D456B} = {E426EAD0-F378-4A3D-9BCD-E42CED54EEC7}
		{AA1FD81A-33B7-4561-AE49-E375A73C2037} = {E426EAD0-F378-4A3D-9BCD-E42CED54EEC7}
		{2832C49C-CA0C-46DF-9EED-EDD53BC48541} = {AA1FD81A-33B7-4561-AE49-E375A73C2037}
	EndGlobalSection
EndGlobal
